{
  "requires": true,
  "lockfileVersion": 1,
  "dependencies": {
    "lion-lib-xai": {
      "version": "1.0.0",
      "resolved": "https://registry.npmjs.org/lion-lib-xai/-/lion-lib-xai-1.0.0.tgz",
      "integrity": "sha512-2hhl+K526Szefs4pay744qa/DosR7CkKcqlOnmn7AB0APQcv4+AtJB4xbmRs4/mrUt1WjeZtEl3qmo50BPPmmQ=="
    }
  }
}
